
Microsoft Visual Studio Solution File, Format Version 12.00
# Visual Studio Version 16
VisualStudioVersion = 16.0.31025.194
MinimumVisualStudioVersion = 10.0.40219.1
Project("{FAE04EC0-301F-11D3-BF4B-00C04F79EFBC}") = "IoCNavigation", "IoCNavigation\IoCNavigation.csproj", "{064883C5-4546-4519-AAEC-9379DEBEE084}"
EndProject
Global
	GlobalSection(SolutionConfigurationPlatforms) = preSolution
		Debug|Any CPU = Debug|Any CPU
		Release|Any CPU = Release|Any CPU
	EndGlobalSection
	GlobalSection(ProjectConfigurationPlatforms) = postSolution
		{064883C5-4546-4519-AAEC-9379DEBEE084}.Debug|Any CPU.ActiveCfg = Debug|Any CPU
		{064883C5-4546-4519-AAEC-9379DEBEE084}.Debug|Any CPU.Build.0 = Debug|Any CPU
		{064883C5-4546-4519-AAEC-9379DEBEE084}.Release|Any CPU.ActiveCfg = Release|Any CPU
		{064883C5-4546-4519-AAEC-9379DEBEE084}.Release|Any CPU.Build.0 = Release|Any CPU
	EndGlobalSection
	GlobalSection(SolutionProperties) = preSolution
		HideSolutionNode = FALSE
	EndGlobalSection
	GlobalSection(ExtensibilityGlobals) = postSolution
		SolutionGuid = {8A532538-9A50-465E-BED2-C207E0B46371}
	EndGlobalSection
EndGlobal
